{
  "name": "healthcare",
  "lockfileVersion": 3,
  "requires": true,
  "packages": {
    "": {
      "dependencies": {
        "@google/generative-ai": "^0.21.0",
        "lucide-react": "^0.456.0"
      }
    },
    "node_modules/@google/generative-ai": {
      "version": "0.21.0",
      "resolved": "https://registry.npmjs.org/@google/generative-ai/-/generative-ai-0.21.0.tgz",
      "integrity": "sha512-7XhUbtnlkSEZK15kN3t+tzIMxsbKm/dSkKBFalj+20NvPKe1kBY7mR2P7vuijEn+f06z5+A8bVGKO0v39cr6Wg==",
      "engines": {
        "node": ">=18.0.0"
      }
    },
    "node_modules/lucide-react": {
      "version": "0.456.0",
      "resolved": "https://registry.npmjs.org/lucide-react/-/lucide-react-0.456.0.tgz",
      "integrity": "sha512-DIIGJqTT5X05sbAsQ+OhA8OtJYyD4NsEMCA/HQW/Y6ToPQ7gwbtujIoeAaup4HpHzV35SQOarKAWH8LYglB6eA==",
      "peerDependencies": {
        "react": "^16.5.1 || ^17.0.0 || ^18.0.0 || ^19.0.0-rc"
      }
    }
  }
}
